{
  "version": 4,
  "terraform_version": "1.11.1",
  "serial": 12,
  "lineage": "485947ce-044e-c694-d3c8-a5f9f2603335",
  "outputs": {},
  "resources": [
    {
      "mode": "managed",
      "type": "google_container_cluster",
      "name": "mb_hello",
      "provider": "provider[\"registry.terraform.io/hashicorp/google\"]",
      "instances": [
        {
          "schema_version": 2,
          "attributes": {
            "addons_config": [
              {
                "cloudrun_config": [],
                "config_connector_config": [],
                "dns_cache_config": [],
                "gce_persistent_disk_csi_driver_config": [
                  {
                    "enabled": true
                  }
                ],
                "gcp_filestore_csi_driver_config": [],
                "gcs_fuse_csi_driver_config": [],
                "gke_backup_agent_config": [],
                "horizontal_pod_autoscaling": [],
                "http_load_balancing": [],
                "network_policy_config": [
                  {
                    "disabled": true
                  }
                ],
                "parallelstore_csi_driver_config": [],
                "ray_operator_config": [],
                "stateful_ha_config": []
              }
            ],
            "allow_net_admin": null,
            "authenticator_groups_config": [],
            "binary_authorization": [
              {
                "enabled": false,
                "evaluation_mode": ""
              }
            ],
            "cluster_autoscaling": [
              {
                "auto_provisioning_defaults": [],
                "auto_provisioning_locations": [],
                "autoscaling_profile": "BALANCED",
                "enabled": false,
                "resource_limits": []
              }
            ],
            "cluster_ipv4_cidr": "10.100.0.0/14",
            "confidential_nodes": [],
            "control_plane_endpoints_config": [
              {
                "dns_endpoint_config": [
                  {
                    "allow_external_traffic": false,
                    "endpoint": "gke-6913f88432e347c097af798d246a92650002-1024931921281.us-central1.gke.goog"
                  }
                ]
              }
            ],
            "cost_management_config": [],
            "database_encryption": [
              {
                "key_name": "",
                "state": "DECRYPTED"
              }
            ],
            "datapath_provider": "",
            "default_max_pods_per_node": 110,
            "default_snat_status": [
              {
                "disabled": false
              }
            ],
            "deletion_protection": false,
            "description": "",
            "dns_config": [],
            "effective_labels": {
              "goog-terraform-provisioned": "true"
            },
            "enable_autopilot": false,
            "enable_cilium_clusterwide_network_policy": false,
            "enable_fqdn_network_policy": false,
            "enable_intranode_visibility": false,
            "enable_k8s_beta_apis": [],
            "enable_kubernetes_alpha": false,
            "enable_l4_ilb_subsetting": false,
            "enable_legacy_abac": false,
            "enable_multi_networking": false,
            "enable_shielded_nodes": true,
            "enable_tpu": false,
            "endpoint": "34.55.214.146",
            "enterprise_config": [
              {
                "cluster_tier": "STANDARD",
                "desired_tier": ""
              }
            ],
            "fleet": [],
            "gateway_api_config": [],
            "id": "projects/entrevista-sre-lccarlos01/locations/us-central1/clusters/mb-hello-cluster",
            "identity_service_config": [],
            "initial_node_count": 1,
            "ip_allocation_policy": [
              {
                "additional_pod_ranges_config": [],
                "cluster_ipv4_cidr_block": "10.100.0.0/14",
                "cluster_secondary_range_name": "gke-mb-hello-cluster-pods-6913f884",
                "pod_cidr_overprovision_config": [
                  {
                    "disabled": false
                  }
                ],
                "services_ipv4_cidr_block": "34.118.224.0/20",
                "services_secondary_range_name": "",
                "stack_type": "IPV4"
              }
            ],
            "label_fingerprint": "78cdf2f6",
            "location": "us-central1",
            "logging_config": [
              {
                "enable_components": [
                  "SYSTEM_COMPONENTS",
                  "WORKLOADS"
                ]
              }
            ],
            "logging_service": "logging.googleapis.com/kubernetes",
            "maintenance_policy": [],
            "master_auth": [
              {
                "client_certificate": "",
                "client_certificate_config": [
                  {
                    "issue_client_certificate": false
                  }
                ],
                "client_key": "",
                "cluster_ca_certificate": "LS0tLS1CRUdJTiBDRVJUSUZJQ0FURS0tLS0tCk1JSUVMVENDQXBXZ0F3SUJBZ0lSQUwvL21HMHBMVHhQTkQ3UE9sQWQ0VkV3RFFZSktvWklodmNOQVFFTEJRQXcKTHpFdE1Dc0dBMVVFQXhNa00yVmlOV001TkRndE9UQTNNeTAwWkRZMkxXSTRPVFl0TUdJek1UWXlPVGhqTURWawpNQ0FYRFRJMU1ETXdPVEU0TURnek1Wb1lEekl3TlRVd016QXlNVGt3T0RNeFdqQXZNUzB3S3dZRFZRUURFeVF6ClpXSTFZemswT0MwNU1EY3pMVFJrTmpZdFlqZzVOaTB3WWpNeE5qSTVPR013TldRd2dnR2lNQTBHQ1NxR1NJYjMKRFFFQkFRVUFBNElCandBd2dnR0tBb0lCZ1FDK0J0NU41ekNjcEsrTTEzSitDU2pWaFpSam9qYlJVN2hpZU5NVgpzZWhuYUl5R3RvdFRDZFFtdllNRUhGVnBUQnFTVzJGTGtnUXNFSnV4RVF3SXZOM05ya2l2QWhMcUhsVFV6bFBxCjBjV01BMGlvM0hmTlVGQ0V1T3RPS1NEMk81ZysrQmorajViN3dHTTNMNFc2STdid2lqZlhlMjFsU09aU0p4b1QKanhCWE9HU2R4K2pGNDZIL1ZaZUt1VkdsdzJHYzVXRUtYWk1sRWpNWnVFcjl5dUoxeWFyRHdRTlZhOEJCUFdVVwpHcmk5S3VvcytFUUtuQzY2WEFHVlJuYTdMQVhtV2RNSnVxOGNLRTE5T3dDeVRQMTU3ZVJ2WDlSNldwOW5kYjZaCjdSbHZoR25LclYvUS9DT0Fzclcwcm5LMWJNb1NEV1RJUHlCMmJSTGhlc09kd1VaZTFtaVVRQ1JwUGMrOWJOWGUKN3NuQWpRU0FnNDNhdDJrWlQ1NTVQNCthWjB5SEVtSXpJZWtEdnU2bHZvK0dHbDVGOU5HRjdBMGZhRHZMdmlXWQp5Y0ZBSi92a2g4N1JBRHJOMVN2V0lMdGh5THBvN0JQWHZsRWZ5Wis1ekNVdHZWOUN3KzVWM1NMRFFUdytwY3VJCm4wd2g0KzlWR0lmL3RUYVhGVjdxbENyNW1mMENBd0VBQWFOQ01FQXdEZ1lEVlIwUEFRSC9CQVFEQWdJRU1BOEcKQTFVZEV3RUIvd1FGTUFNQkFmOHdIUVlEVlIwT0JCWUVGRkNDUEhFbHRuamNxV3liOHJEdk1pK1FwM0ZOTUEwRwpDU3FHU0liM0RRRUJDd1VBQTRJQmdRQ0lrKzhlS1hPZDMzaU5YVmFac1ovcVRBQ2d4emR5MVhuTVlhN1ByZG1xClI1djZocCt5NW1DMHYvTlpCdVpqZXFqejZ5ak5DblhDdDN6cmoySW8wbVF0QlBPa09JQ0ZLbkdXM1ZBa1J3b08KKytIVUx1QlhwV1JuQ2dneFlDcGFPS2tKRnRuRyt1dnJaYkJXT3B5Zlh0Y0tmRjUzUzBQN1ZlQWg2WWZaaGpvcgpzaVFCRzc0ZWFYdGthQWVhUkNwc0xwY1hxakdSWDBTY2M1VGRQOXdOQWdYdGVjdXRMSVZ4czRoQmdINE5FaWVyCjdPZi9WTGxnUU5BSWNNTkgwZW5ZMTkrZm9vaG5vUzhKQzF2b0t4Z2pLcklKVnVhaUxWVTlKblZIZFdubnVIblUKcnJmSFVMUkVxVVdTNFdJOFA5aEQrZlh0dXVscElVWkkycitzbCs1MU5tdk4vdi9QUUpOVGRHYlVTNmtMVWZSVQpHbzVVdkJQdUQ5KzdsZXUrVnpWclFrdnZYejlYOTllTzBhOGU1SGVVOTMvZEVuRkxlNXM5TDFQMW9TNHF4SVJ0CnJscmFOcGM5U0tDbDZkbzI5Tmc2RmhHK2w4K0E2QWNoRFdFUkNBVE4wUXBpSDVuVW01MVVxRGxrd0JGcjRMUVAKYjBlVVRPRWNCT2tZazMybjc3UkhnTWc9Ci0tLS0tRU5EIENFUlRJRklDQVRFLS0tLS0K"
              }
            ],
            "master_authorized_networks_config": [],
            "master_version": "1.31.5-gke.1233000",
            "mesh_certificates": [],
            "min_master_version": null,
            "monitoring_config": [
              {
                "advanced_datapath_observability_config": [
                  {
                    "enable_metrics": false,
                    "enable_relay": false
                  }
                ],
                "enable_components": [
                  "SYSTEM_COMPONENTS",
                  "STORAGE",
                  "HPA",
                  "POD",
                  "DAEMONSET",
                  "DEPLOYMENT",
                  "STATEFULSET",
                  "CADVISOR",
                  "KUBELET"
                ],
                "managed_prometheus": [
                  {
                    "enabled": true
                  }
                ]
              }
            ],
            "monitoring_service": "monitoring.googleapis.com/kubernetes",
            "name": "mb-hello-cluster",
            "network": "projects/entrevista-sre-lccarlos01/global/networks/default",
            "network_policy": [
              {
                "enabled": false,
                "provider": "PROVIDER_UNSPECIFIED"
              }
            ],
            "networking_mode": "VPC_NATIVE",
            "node_config": [],
            "node_locations": [
              "us-central1-a",
              "us-central1-c",
              "us-central1-f"
            ],
            "node_pool": [],
            "node_pool_auto_config": [],
            "node_pool_defaults": [
              {
                "node_config_defaults": [
                  {
                    "containerd_config": [],
                    "gcfs_config": [],
                    "insecure_kubelet_readonly_port_enabled": "FALSE",
                    "logging_variant": "DEFAULT"
                  }
                ]
              }
            ],
            "node_version": "1.31.5-gke.1233000",
            "notification_config": [
              {
                "pubsub": [
                  {
                    "enabled": false,
                    "filter": [],
                    "topic": ""
                  }
                ]
              }
            ],
            "operation": null,
            "private_cluster_config": [
              {
                "enable_private_endpoint": false,
                "enable_private_nodes": false,
                "master_global_access_config": [
                  {
                    "enabled": false
                  }
                ],
                "master_ipv4_cidr_block": "",
                "peering_name": "",
                "private_endpoint": "10.128.0.24",
                "private_endpoint_subnetwork": "",
                "public_endpoint": "34.55.214.146"
              }
            ],
            "private_ipv6_google_access": "",
            "project": "entrevista-sre-lccarlos01",
            "release_channel": [
              {
                "channel": "REGULAR"
              }
            ],
            "remove_default_node_pool": true,
            "resource_labels": null,
            "resource_usage_export_config": [],
            "secret_manager_config": [
              {
                "enabled": false
              }
            ],
            "security_posture_config": [
              {
                "mode": "BASIC",
                "vulnerability_mode": "VULNERABILITY_MODE_UNSPECIFIED"
              }
            ],
            "self_link": "https://container.googleapis.com/v1/projects/entrevista-sre-lccarlos01/locations/us-central1/clusters/mb-hello-cluster",
            "service_external_ips_config": [
              {
                "enabled": false
              }
            ],
            "services_ipv4_cidr": "34.118.224.0/20",
            "subnetwork": "projects/entrevista-sre-lccarlos01/regions/us-central1/subnetworks/default",
            "terraform_labels": {
              "goog-terraform-provisioned": "true"
            },
            "timeouts": null,
            "tpu_ipv4_cidr_block": "",
            "user_managed_keys_config": [],
            "vertical_pod_autoscaling": [],
            "workload_identity_config": []
          },
          "sensitive_attributes": [
            [
              {
                "type": "get_attr",
                "value": "master_auth"
              },
              {
                "type": "index",
                "value": {
                  "value": 0,
                  "type": "number"
                }
              },
              {
                "type": "get_attr",
                "value": "client_key"
              }
            ]
          ],
          "private": "eyJlMmJmYjczMC1lY2FhLTExZTYtOGY4OC0zNDM2M2JjN2M0YzAiOnsiY3JlYXRlIjoyNDAwMDAwMDAwMDAwLCJkZWxldGUiOjI0MDAwMDAwMDAwMDAsInJlYWQiOjI0MDAwMDAwMDAwMDAsInVwZGF0ZSI6MzYwMDAwMDAwMDAwMH0sInNjaGVtYV92ZXJzaW9uIjoiMiJ9"
        }
      ]
    },
    {
      "mode": "managed",
      "type": "google_container_node_pool",
      "name": "mb_hello_nodes",
      "provider": "provider[\"registry.terraform.io/hashicorp/google\"]",
      "instances": [
        {
          "schema_version": 1,
          "attributes": {
            "autoscaling": [],
            "cluster": "mb-hello-cluster",
            "id": "projects/entrevista-sre-lccarlos01/locations/us-central1/clusters/mb-hello-cluster/nodePools/mb-hello-cluster-node-pool",
            "initial_node_count": 3,
            "instance_group_urls": [
              "https://www.googleapis.com/compute/v1/projects/entrevista-sre-lccarlos01/zones/us-central1-a/instanceGroupManagers/gke-mb-hello-cluster-mb-hello-cluster-e667aa40-grp",
              "https://www.googleapis.com/compute/v1/projects/entrevista-sre-lccarlos01/zones/us-central1-c/instanceGroupManagers/gke-mb-hello-cluster-mb-hello-cluster-1c0ba195-grp",
              "https://www.googleapis.com/compute/v1/projects/entrevista-sre-lccarlos01/zones/us-central1-f/instanceGroupManagers/gke-mb-hello-cluster-mb-hello-cluster-a0a248af-grp"
            ],
            "location": "us-central1",
            "managed_instance_group_urls": [
              "https://www.googleapis.com/compute/v1/projects/entrevista-sre-lccarlos01/zones/us-central1-a/instanceGroups/gke-mb-hello-cluster-mb-hello-cluster-e667aa40-grp",
              "https://www.googleapis.com/compute/v1/projects/entrevista-sre-lccarlos01/zones/us-central1-c/instanceGroups/gke-mb-hello-cluster-mb-hello-cluster-1c0ba195-grp",
              "https://www.googleapis.com/compute/v1/projects/entrevista-sre-lccarlos01/zones/us-central1-f/instanceGroups/gke-mb-hello-cluster-mb-hello-cluster-a0a248af-grp"
            ],
            "management": [
              {
                "auto_repair": true,
                "auto_upgrade": true
              }
            ],
            "max_pods_per_node": 110,
            "name": "mb-hello-cluster-node-pool",
            "name_prefix": "",
            "network_config": [
              {
                "additional_node_network_configs": [],
                "additional_pod_network_configs": [],
                "create_pod_range": false,
                "enable_private_nodes": false,
                "network_performance_config": [],
                "pod_cidr_overprovision_config": [],
                "pod_ipv4_cidr_block": "10.100.0.0/14",
                "pod_range": "gke-mb-hello-cluster-pods-6913f884"
              }
            ],
            "node_config": [
              {
                "advanced_machine_features": [],
                "boot_disk_kms_key": "",
                "confidential_nodes": [],
                "containerd_config": [],
                "disk_size_gb": 100,
                "disk_type": "pd-balanced",
                "effective_taints": [],
                "enable_confidential_storage": false,
                "ephemeral_storage_local_ssd_config": [],
                "fast_socket": [],
                "gcfs_config": [],
                "guest_accelerator": [],
                "gvnic": [],
                "host_maintenance_policy": [],
                "image_type": "COS_CONTAINERD",
                "kubelet_config": [
                  {
                    "allowed_unsafe_sysctls": [],
                    "container_log_max_files": 0,
                    "container_log_max_size": "",
                    "cpu_cfs_quota": false,
                    "cpu_cfs_quota_period": "",
                    "cpu_manager_policy": "",
                    "image_gc_high_threshold_percent": 0,
                    "image_gc_low_threshold_percent": 0,
                    "image_maximum_gc_age": "",
                    "image_minimum_gc_age": "",
                    "insecure_kubelet_readonly_port_enabled": "TRUE",
                    "pod_pids_limit": 0
                  }
                ],
                "labels": {},
                "linux_node_config": [],
                "local_nvme_ssd_block_config": [],
                "local_ssd_count": 0,
                "local_ssd_encryption_mode": "",
                "logging_variant": "DEFAULT",
                "machine_type": "e2-medium",
                "max_run_duration": "",
                "metadata": {
                  "disable-legacy-endpoints": "true"
                },
                "min_cpu_platform": "",
                "node_group": "",
                "oauth_scopes": [
                  "https://www.googleapis.com/auth/cloud-platform"
                ],
                "preemptible": false,
                "reservation_affinity": [],
                "resource_labels": {
                  "goog-gke-node-pool-provisioning-model": "on-demand"
                },
                "resource_manager_tags": null,
                "secondary_boot_disks": [],
                "service_account": "default",
                "shielded_instance_config": [
                  {
                    "enable_integrity_monitoring": true,
                    "enable_secure_boot": false
                  }
                ],
                "sole_tenant_config": [],
                "spot": false,
                "storage_pools": null,
                "tags": null,
                "taint": [],
                "workload_metadata_config": []
              }
            ],
            "node_count": 3,
            "node_locations": [
              "us-central1-a",
              "us-central1-c",
              "us-central1-f"
            ],
            "operation": null,
            "placement_policy": [],
            "project": "entrevista-sre-lccarlos01",
            "queued_provisioning": [],
            "timeouts": null,
            "upgrade_settings": [
              {
                "blue_green_settings": [],
                "max_surge": 1,
                "max_unavailable": 0,
                "strategy": "SURGE"
              }
            ],
            "version": "1.31.5-gke.1233000"
          },
          "sensitive_attributes": [],
          "private": "eyJlMmJmYjczMC1lY2FhLTExZTYtOGY4OC0zNDM2M2JjN2M0YzAiOnsiY3JlYXRlIjoxODAwMDAwMDAwMDAwLCJkZWxldGUiOjE4MDAwMDAwMDAwMDAsInVwZGF0ZSI6MTgwMDAwMDAwMDAwMH0sInNjaGVtYV92ZXJzaW9uIjoiMSJ9",
          "dependencies": [
            "google_container_cluster.mb_hello"
          ]
        }
      ]
    }
  ],
  "check_results": null
}
